
Microsoft Visual Studio Solution File, Format Version 12.00
# Visual Studio Version 17
VisualStudioVersion = 17.10.35027.167
MinimumVisualStudioVersion = 10.0.40219.1
Project("{9A19103F-16F7-4668-BE54-9A1E7A4F7556}") = "GroceryStore", "GroceryStore\GroceryStore.csproj", "{31835A6D-BAA8-486D-BDAE-16A75AD301C3}"
EndProject
Project("{FAE04EC0-301F-11D3-BF4B-00C04F79EFBC}") = "GroceryStoreUnitTest", "GroceryStoreUnitTest\GroceryStoreUnitTest.csproj", "{F8A96978-1CF8-464C-822C-0B35157BCCF4}"
EndProject
Global
	GlobalSection(SolutionConfigurationPlatforms) = preSolution
		Debug|Any CPU = Debug|Any CPU
		Release|Any CPU = Release|Any CPU
	EndGlobalSection
	GlobalSection(ProjectConfigurationPlatforms) = postSolution
		{31835A6D-BAA8-486D-BDAE-16A75AD301C3}.Debug|Any CPU.ActiveCfg = Debug|Any CPU
		{31835A6D-BAA8-486D-BDAE-16A75AD301C3}.Debug|Any CPU.Build.0 = Debug|Any CPU
		{31835A6D-BAA8-486D-BDAE-16A75AD301C3}.Release|Any CPU.ActiveCfg = Release|Any CPU
		{31835A6D-BAA8-486D-BDAE-16A75AD301C3}.Release|Any CPU.Build.0 = Release|Any CPU
		{F8A96978-1CF8-464C-822C-0B35157BCCF4}.Debug|Any CPU.ActiveCfg = Debug|Any CPU
		{F8A96978-1CF8-464C-822C-0B35157BCCF4}.Debug|Any CPU.Build.0 = Debug|Any CPU
		{F8A96978-1CF8-464C-822C-0B35157BCCF4}.Release|Any CPU.ActiveCfg = Release|Any CPU
		{F8A96978-1CF8-464C-822C-0B35157BCCF4}.Release|Any CPU.Build.0 = Release|Any CPU
	EndGlobalSection
	GlobalSection(SolutionProperties) = preSolution
		HideSolutionNode = FALSE
	EndGlobalSection
	GlobalSection(ExtensibilityGlobals) = postSolution
		SolutionGuid = {C5E3F15F-4A61-48F5-809E-AB4C065EB6D2}
	EndGlobalSection
EndGlobal
